PODS:
  - KIF (3.7.8):
    - KIF/Core (= 3.7.8)
  - KIF-Kiwi (0.2.6):
    - KIF (~> 3.0)
    - Kiwi (~> 3.0)
  - KIF/Core (3.7.8)
  - Kiwi (3.0.0)

DEPENDENCIES:
  - KIF-Kiwi (from `../KIF-Kiwi.podspec`)

SPEC REPOS:
  https://github.com/CocoaPods/Specs.git:
    - KIF
    - Kiwi

EXTERNAL SOURCES:
  KIF-Kiwi:
    :path: "../KIF-Kiwi.podspec"

SPEC CHECKSUMS:
  KIF: 52e1af1a78cf6fe4ec6777b14776f3dd2eccc32e
  KIF-Kiwi: 4613c6b414fc900153073c0754ad810b6f119d23
  Kiwi: fbeafef0f00e4d8f7dcb3420a4930afe70af77f7

PODFILE CHECKSUM: ce84315524dd0e7c0ecbedb9a88139411f038594

COCOAPODS: 1.8.4
